
Microsoft Visual Studio Solution File, Format Version 12.00
# Visual Studio Version 17
VisualStudioVersion = 17.8.34330.188
MinimumVisualStudioVersion = 10.0.40219.1
Project("{9A19103F-16F7-4668-BE54-9A1E7A4F7556}") = "MyLab.LogAgent", "MyLab.LogAgent\MyLab.LogAgent.csproj", "{3CC6EC7E-83AA-49E9-817D-BFEB2CE1C826}"
EndProject
Project("{9A19103F-16F7-4668-BE54-9A1E7A4F7556}") = "Tests", "Tests\Tests.csproj", "{CF2A79F3-B393-4243-B4C8-40ADAEAE7F79}"
EndProject
Project("{9A19103F-16F7-4668-BE54-9A1E7A4F7556}") = "IntegrationTests", "IntegrationTests\IntegrationTests.csproj", "{DC8DD864-EA91-44A3-9F41-B6C1E362A0E3}"
EndProject
Project("{FAE04EC0-301F-11D3-BF4B-00C04F79EFBC}") = "WebApplication1", "WebApplication1\WebApplication1.csproj", "{6C2B4CEB-21EA-4067-9CAF-8BAE13C86EF0}"
EndProject
Global
	GlobalSection(SolutionConfigurationPlatforms) = preSolution
		Debug|Any CPU = Debug|Any CPU
		Release|Any CPU = Release|Any CPU
	EndGlobalSection
	GlobalSection(ProjectConfigurationPlatforms) = postSolution
		{3CC6EC7E-83AA-49E9-817D-BFEB2CE1C826}.Debug|Any CPU.ActiveCfg = Debug|Any CPU
		{3CC6EC7E-83AA-49E9-817D-BFEB2CE1C826}.Debug|Any CPU.Build.0 = Debug|Any CPU
		{3CC6EC7E-83AA-49E9-817D-BFEB2CE1C826}.Release|Any CPU.ActiveCfg = Release|Any CPU
		{3CC6EC7E-83AA-49E9-817D-BFEB2CE1C826}.Release|Any CPU.Build.0 = Release|Any CPU
		{CF2A79F3-B393-4243-B4C8-40ADAEAE7F79}.Debug|Any CPU.ActiveCfg = Debug|Any CPU
		{CF2A79F3-B393-4243-B4C8-40ADAEAE7F79}.Debug|Any CPU.Build.0 = Debug|Any CPU
		{CF2A79F3-B393-4243-B4C8-40ADAEAE7F79}.Release|Any CPU.ActiveCfg = Release|Any CPU
		{CF2A79F3-B393-4243-B4C8-40ADAEAE7F79}.Release|Any CPU.Build.0 = Release|Any CPU
		{DC8DD864-EA91-44A3-9F41-B6C1E362A0E3}.Debug|Any CPU.ActiveCfg = Debug|Any CPU
		{DC8DD864-EA91-44A3-9F41-B6C1E362A0E3}.Debug|Any CPU.Build.0 = Debug|Any CPU
		{DC8DD864-EA91-44A3-9F41-B6C1E362A0E3}.Release|Any CPU.ActiveCfg = Release|Any CPU
		{DC8DD864-EA91-44A3-9F41-B6C1E362A0E3}.Release|Any CPU.Build.0 = Release|Any CPU
		{6C2B4CEB-21EA-4067-9CAF-8BAE13C86EF0}.Debug|Any CPU.ActiveCfg = Debug|Any CPU
		{6C2B4CEB-21EA-4067-9CAF-8BAE13C86EF0}.Debug|Any CPU.Build.0 = Debug|Any CPU
		{6C2B4CEB-21EA-4067-9CAF-8BAE13C86EF0}.Release|Any CPU.ActiveCfg = Release|Any CPU
		{6C2B4CEB-21EA-4067-9CAF-8BAE13C86EF0}.Release|Any CPU.Build.0 = Release|Any CPU
	EndGlobalSection
	GlobalSection(SolutionProperties) = preSolution
		HideSolutionNode = FALSE
	EndGlobalSection
	GlobalSection(ExtensibilityGlobals) = postSolution
		SolutionGuid = {BCEEAC78-AB58-4897-856B-6906558CCE41}
	EndGlobalSection
EndGlobal
